Microsoft Visual Studio Solution File, Format Version 12.00
# Visual Studio 2012
Project("{FAE04EC0-301F-11D3-BF4B-00C04F79EFBC}") = "Wake Up", "Wake Up.csproj", "{57914D48-2EAA-473F-948A-FFC1D7F11AB3}"
EndProject
Global
	GlobalSection(SolutionConfigurationPlatforms) = preSolution
	Debug|Any CPU = Debug|Any CPU
	ExportDebug|Any CPU = ExportDebug|Any CPU
	ExportRelease|Any CPU = ExportRelease|Any CPU
	EndGlobalSection
	GlobalSection(ProjectConfigurationPlatforms) = postSolution
		{57914D48-2EAA-473F-948A-FFC1D7F11AB3}.Debug|Any CPU.ActiveCfg = Debug|Any CPU
		{57914D48-2EAA-473F-948A-FFC1D7F11AB3}.Debug|Any CPU.Build.0 = Debug|Any CPU
		{57914D48-2EAA-473F-948A-FFC1D7F11AB3}.ExportDebug|Any CPU.ActiveCfg = ExportDebug|Any CPU
		{57914D48-2EAA-473F-948A-FFC1D7F11AB3}.ExportDebug|Any CPU.Build.0 = ExportDebug|Any CPU
		{57914D48-2EAA-473F-948A-FFC1D7F11AB3}.ExportRelease|Any CPU.ActiveCfg = ExportRelease|Any CPU
		{57914D48-2EAA-473F-948A-FFC1D7F11AB3}.ExportRelease|Any CPU.Build.0 = ExportRelease|Any CPU
	EndGlobalSection
EndGlobal
